// !$*UTF8*$!
{
	archiveVersion = 1;
	classes = {
	};
	objectVersion = 46;
	objects = {

/* Begin PBXBuildFile section */
		A726AB311DC1A2E2001B9D66 /* HotSearchVC.m in Sources */ = {isa = PBXBuildFile; fileRef = A726AB301DC1A2E2001B9D66 /* HotSearchVC.m */; };
		A726AB331DC1D924001B9D66 /* normalImage@2x.png in Resources */ = {isa = PBXBuildFile; fileRef = A726AB321DC1D924001B9D66 /* normalImage@2x.png */; };
		A76B620D1DBF3ADE0097CBB2 /* main.m in Sources */ = {isa = PBXBuildFile; fileRef = A76B620C1DBF3ADE0097CBB2 /* main.m */; };
		A76B62101DBF3ADE0097CBB2 /* AppDelegate.m in Sources */ = {isa = PBXBuildFile; fileRef = A76B620F1DBF3ADE0097CBB2 /* AppDelegate.m */; };
		A76B62131DBF3ADE0097CBB2 /* ViewController.m in Sources */ = {isa = PBXBuildFile; fileRef = A76B62121DBF3ADE0097CBB2 /* ViewController.m */; };
		A76B62161DBF3ADE0097CBB2 /* Main.storyboard in Resources */ = {isa = PBXBuildFile; fileRef = A76B62141DBF3ADE0097CBB2 /* Main.storyboard */; };
		A76B62181DBF3ADE0097CBB2 /* Assets.xcassets in Resources */ = {isa = PBXBuildFile; fileRef = A76B62171DBF3ADE0097CBB2 /* Assets.xcassets */; };
		A76B621B1DBF3ADE0097CBB2 /* LaunchScreen.storyboard in Resources */ = {isa = PBXBuildFile; fileRef = A76B62191DBF3ADE0097CBB2 /* LaunchScreen.storyboard */; };
		A76B62261DBF3ADE0097CBB2 /* DemoHotSearchTests.m in Sources */ = {isa = PBXBuildFile; fileRef = A76B62251DBF3ADE0097CBB2 /* DemoHotSearchTests.m */; };
		A76B62311DBF3ADE0097CBB2 /* DemoHotSearchUITests.m in Sources */ = {isa = PBXBuildFile; fileRef = A76B62301DBF3ADE0097CBB2 /* DemoHotSearchUITests.m */; };
		DFB16F172111FCCF001BDFA4 /* SYHotSearchConst.m in Sources */ = {isa = PBXBuildFile; fileRef = DFB16F0E2111FCCF001BDFA4 /* SYHotSearchConst.m */; };
		DFB16F182111FCCF001BDFA4 /* SYHotSearchView.m in Sources */ = {isa = PBXBuildFile; fileRef = DFB16F102111FCCF001BDFA4 /* SYHotSearchView.m */; };
		DFB16F192111FCCF001BDFA4 /* UIColor+SYHotSearch.m in Sources */ = {isa = PBXBuildFile; fileRef = DFB16F122111FCCF001BDFA4 /* UIColor+SYHotSearch.m */; };
		DFB16F1A2111FCCF001BDFA4 /* UIImage+SYHotSearch.m in Sources */ = {isa = PBXBuildFile; fileRef = DFB16F142111FCCF001BDFA4 /* UIImage+SYHotSearch.m */; };
		DFB16F1B2111FCCF001BDFA4 /* UIView+SYHotSearch.m in Sources */ = {isa = PBXBuildFile; fileRef = DFB16F162111FCCF001BDFA4 /* UIView+SYHotSearch.m */; };
/* End PBXBuildFile section */

/* Begin PBXContainerItemProxy section */
		A76B62221DBF3ADE0097CBB2 /* PBXContainerItemProxy */ = {
			isa = PBXContainerItemProxy;
			containerPortal = A76B62001DBF3ADE0097CBB2 /* Project object */;
			proxyType = 1;
			remoteGlobalIDString = A76B62071DBF3ADE0097CBB2;
			remoteInfo = DemoHotSearch;
		};
		A76B622D1DBF3ADE0097CBB2 /* PBXContainerItemProxy */ = {
			isa = PBXContainerItemProxy;
			containerPortal = A76B62001DBF3ADE0097CBB2 /* Project object */;
			proxyType = 1;
			remoteGlobalIDString = A76B62071DBF3ADE0097CBB2;
			remoteInfo = DemoHotSearch;
		};
/* End PBXContainerItemProxy section */

/* Begin PBXFileReference section */
		A726AB2F1DC1A2E2001B9D66 /* HotSearchVC.h */ = {isa = PBXFileReference; fileEncoding = 4; lastKnownFileType = sourcecode.c.h; path = HotSearchVC.h; sourceTree = "<group>"; };
		A726AB301DC1A2E2001B9D66 /* HotSearchVC.m */ = {isa = PBXFileReference; fileEncoding = 4; lastKnownFileType = sourcecode.c.objc; path = HotSearchVC.m; sourceTree = "<group>"; };
		A726AB321DC1D924001B9D66 /* normalImage@2x.png */ = {isa = PBXFileReference; lastKnownFileType = image.png; path = "normalImage@2x.png"; sourceTree = "<group>"; };
		A76B62081DBF3ADE0097CBB2 /* DemoHotSearch.app */ = {isa = PBXFileReference; explicitFileType = wrapper.application; includeInIndex = 0; path = DemoHotSearch.app; sourceTree = BUILT_PRODUCTS_DIR; };
		A76B620C1DBF3ADE0097CBB2 /* main.m */ = {isa = PBXFileReference; lastKnownFileType = sourcecode.c.objc; path = main.m; sourceTree = "<group>"; };
		A76B620E1DBF3ADE0097CBB2 /* AppDelegate.h */ = {isa = PBXFileReference; lastKnownFileType = sourcecode.c.h; path = AppDelegate.h; sourceTree = "<group>"; };
		A76B620F1DBF3ADE0097CBB2 /* AppDelegate.m */ = {isa = PBXFileReference; lastKnownFileType = sourcecode.c.objc; path = AppDelegate.m; sourceTree = "<group>"; };
		A76B62111DBF3ADE0097CBB2 /* ViewController.h */ = {isa = PBXFileReference; lastKnownFileType = sourcecode.c.h; path = ViewController.h; sourceTree = "<group>"; };
		A76B62121DBF3ADE0097CBB2 /* ViewController.m */ = {isa = PBXFileReference; lastKnownFileType = sourcecode.c.objc; path = ViewController.m; sourceTree = "<group>"; };
		A76B62151DBF3ADE0097CBB2 /* Base */ = {isa = PBXFileReference; lastKnownFileType = file.storyboard; name = Base; path = Base.lproj/Main.storyboard; sourceTree = "<group>"; };
		A76B62171DBF3ADE0097CBB2 /* Assets.xcassets */ = {isa = PBXFileReference; lastKnownFileType = folder.assetcatalog; path = Assets.xcassets; sourceTree = "<group>"; };
		A76B621A1DBF3ADE0097CBB2 /* Base */ = {isa = PBXFileReference; lastKnownFileType = file.storyboard; name = Base; path = Base.lproj/LaunchScreen.storyboard; sourceTree = "<group>"; };
		A76B621C1DBF3ADE0097CBB2 /* Info.plist */ = {isa = PBXFileReference; lastKnownFileType = text.plist.xml; path = Info.plist; sourceTree = "<group>"; };
		A76B62211DBF3ADE0097CBB2 /* DemoHotSearchTests.xctest */ = {isa = PBXFileReference; explicitFileType = wrapper.cfbundle; includeInIndex = 0; path = DemoHotSearchTests.xctest; sourceTree = BUILT_PRODUCTS_DIR; };
		A76B62251DBF3ADE0097CBB2 /* DemoHotSearchTests.m */ = {isa = PBXFileReference; lastKnownFileType = sourcecode.c.objc; path = DemoHotSearchTests.m; sourceTree = "<group>"; };
		A76B62271DBF3ADE0097CBB2 /* Info.plist */ = {isa = PBXFileReference; lastKnownFileType = text.plist.xml; path = Info.plist; sourceTree = "<group>"; };
		A76B622C1DBF3ADE0097CBB2 /* DemoHotSearchUITests.xctest */ = {isa = PBXFileReference; explicitFileType = wrapper.cfbundle; includeInIndex = 0; path = DemoHotSearchUITests.xctest; sourceTree = BUILT_PRODUCTS_DIR; };
		A76B62301DBF3ADE0097CBB2 /* DemoHotSearchUITests.m */ = {isa = PBXFileReference; lastKnownFileType = sourcecode.c.objc; path = DemoHotSearchUITests.m; sourceTree = "<group>"; };
		A76B62321DBF3ADE0097CBB2 /* Info.plist */ = {isa = PBXFileReference; lastKnownFileType = text.plist.xml; path = Info.plist; sourceTree = "<group>"; };
		DFB16F0C2111FCCF001BDFA4 /* SYHotSearch.h */ = {isa = PBXFileReference; fileEncoding = 4; lastKnownFileType = sourcecode.c.h; path = SYHotSearch.h; sourceTree = "<group>"; };
		DFB16F0D2111FCCF001BDFA4 /* SYHotSearchConst.h */ = {isa = PBXFileReference; fileEncoding = 4; lastKnownFileType = sourcecode.c.h; path = SYHotSearchConst.h; sourceTree = "<group>"; };
		DFB16F0E2111FCCF001BDFA4 /* SYHotSearchConst.m */ = {isa = PBXFileReference; fileEncoding = 4; lastKnownFileType = sourcecode.c.objc; path = SYHotSearchConst.m; sourceTree = "<group>"; };
		DFB16F0F2111FCCF001BDFA4 /* SYHotSearchView.h */ = {isa = PBXFileReference; fileEncoding = 4; lastKnownFileType = sourcecode.c.h; path = SYHotSearchView.h; sourceTree = "<group>"; };
		DFB16F102111FCCF001BDFA4 /* SYHotSearchView.m */ = {isa = PBXFileReference; fileEncoding = 4; lastKnownFileType = sourcecode.c.objc; path = SYHotSearchView.m; sourceTree = "<group>"; };
		DFB16F112111FCCF001BDFA4 /* UIColor+SYHotSearch.h */ = {isa = PBXFileReference; fileEncoding = 4; lastKnownFileType = sourcecode.c.h; path = "UIColor+SYHotSearch.h"; sourceTree = "<group>"; };
		DFB16F122111FCCF001BDFA4 /* UIColor+SYHotSearch.m */ = {isa = PBXFileReference; fileEncoding = 4; lastKnownFileType = sourcecode.c.objc; path = "UIColor+SYHotSearch.m"; sourceTree = "<group>"; };
		DFB16F132111FCCF001BDFA4 /* UIImage+SYHotSearch.h */ = {isa = PBXFileReference; fileEncoding = 4; lastKnownFileType = sourcecode.c.h; path = "UIImage+SYHotSearch.h"; sourceTree = "<group>"; };
		DFB16F142111FCCF001BDFA4 /* UIImage+SYHotSearch.m */ = {isa = PBXFileReference; fileEncoding = 4; lastKnownFileType = sourcecode.c.objc; path = "UIImage+SYHotSearch.m"; sourceTree = "<group>"; };
		DFB16F152111FCCF001BDFA4 /* UIView+SYHotSearch.h */ = {isa = PBXFileReference; fileEncoding = 4; lastKnownFileType = sourcecode.c.h; path = "UIView+SYHotSearch.h"; sourceTree = "<group>"; };
		DFB16F162111FCCF001BDFA4 /* UIView+SYHotSearch.m */ = {isa = PBXFileReference; fileEncoding = 4; lastKnownFileType = sourcecode.c.objc; path = "UIView+SYHotSearch.m"; sourceTree = "<group>"; };
/* End PBXFileReference section */

/* Begin PBXFrameworksBuildPhase section */
		A76B62051DBF3ADE0097CBB2 /* Frameworks */ = {
			isa = PBXFrameworksBuildPhase;
			buildActionMask = 2147483647;
			files = (
			);
			runOnlyForDeploymentPostprocessing = 0;
		};
		A76B621E1DBF3ADE0097CBB2 /* Frameworks */ = {
			isa = PBXFrameworksBuildPhase;
			buildActionMask = 2147483647;
			files = (
			);
			runOnlyForDeploymentPostprocessing = 0;
		};
		A76B62291DBF3ADE0097CBB2 /* Frameworks */ = {
			isa = PBXFrameworksBuildPhase;
			buildActionMask = 2147483647;
			files = (
			);
			runOnlyForDeploymentPostprocessing = 0;
		};
/* End PBXFrameworksBuildPhase section */

/* Begin PBXGroup section */
		A76B61FF1DBF3ADE0097CBB2 = {
			isa = PBXGroup;
			children = (
				A76B620A1DBF3ADE0097CBB2 /* DemoHotSearch */,
				A76B62241DBF3ADE0097CBB2 /* DemoHotSearchTests */,
				A76B622F1DBF3ADE0097CBB2 /* DemoHotSearchUITests */,
				A76B62091DBF3ADE0097CBB2 /* Products */,
			);
			sourceTree = "<group>";
		};
		A76B62091DBF3ADE0097CBB2 /* Products */ = {
			isa = PBXGroup;
			children = (
				A76B62081DBF3ADE0097CBB2 /* DemoHotSearch.app */,
				A76B62211DBF3ADE0097CBB2 /* DemoHotSearchTests.xctest */,
				A76B622C1DBF3ADE0097CBB2 /* DemoHotSearchUITests.xctest */,
			);
			name = Products;
			sourceTree = "<group>";
		};
		A76B620A1DBF3ADE0097CBB2 /* DemoHotSearch */ = {
			isa = PBXGroup;
			children = (
				A76B620E1DBF3ADE0097CBB2 /* AppDelegate.h */,
				A76B620F1DBF3ADE0097CBB2 /* AppDelegate.m */,
				A76B62111DBF3ADE0097CBB2 /* ViewController.h */,
				A76B62121DBF3ADE0097CBB2 /* ViewController.m */,
				A726AB2F1DC1A2E2001B9D66 /* HotSearchVC.h */,
				A726AB301DC1A2E2001B9D66 /* HotSearchVC.m */,
				DFB16F0B2111FCCF001BDFA4 /* SYHotSearchView */,
				A726AB321DC1D924001B9D66 /* normalImage@2x.png */,
				A76B62141DBF3ADE0097CBB2 /* Main.storyboard */,
				A76B62171DBF3ADE0097CBB2 /* Assets.xcassets */,
				A76B62191DBF3ADE0097CBB2 /* LaunchScreen.storyboard */,
				A76B621C1DBF3ADE0097CBB2 /* Info.plist */,
				A76B620B1DBF3ADE0097CBB2 /* Supporting Files */,
			);
			path = DemoHotSearch;
			sourceTree = "<group>";
		};
		A76B620B1DBF3ADE0097CBB2 /* Supporting Files */ = {
			isa = PBXGroup;
			children = (
				A76B620C1DBF3ADE0097CBB2 /* main.m */,
			);
			name = "Supporting Files";
			sourceTree = "<group>";
		};
		A76B62241DBF3ADE0097CBB2 /* DemoHotSearchTests */ = {
			isa = PBXGroup;
			children = (
				A76B62251DBF3ADE0097CBB2 /* DemoHotSearchTests.m */,
				A76B62271DBF3ADE0097CBB2 /* Info.plist */,
			);
			path = DemoHotSearchTests;
			sourceTree = "<group>";
		};
		A76B622F1DBF3ADE0097CBB2 /* DemoHotSearchUITests */ = {
			isa = PBXGroup;
			children = (
				A76B62301DBF3ADE0097CBB2 /* DemoHotSearchUITests.m */,
				A76B62321DBF3ADE0097CBB2 /* Info.plist */,
			);
			path = DemoHotSearchUITests;
			sourceTree = "<group>";
		};
		DFB16F0B2111FCCF001BDFA4 /* SYHotSearchView */ = {
			isa = PBXGroup;
			children = (
				DFB16F0C2111FCCF001BDFA4 /* SYHotSearch.h */,
				DFB16F0D2111FCCF001BDFA4 /* SYHotSearchConst.h */,
				DFB16F0E2111FCCF001BDFA4 /* SYHotSearchConst.m */,
				DFB16F0F2111FCCF001BDFA4 /* SYHotSearchView.h */,
				DFB16F102111FCCF001BDFA4 /* SYHotSearchView.m */,
				DFB16F112111FCCF001BDFA4 /* UIColor+SYHotSearch.h */,
				DFB16F122111FCCF001BDFA4 /* UIColor+SYHotSearch.m */,
				DFB16F132111FCCF001BDFA4 /* UIImage+SYHotSearch.h */,
				DFB16F142111FCCF001BDFA4 /* UIImage+SYHotSearch.m */,
				DFB16F152111FCCF001BDFA4 /* UIView+SYHotSearch.h */,
				DFB16F162111FCCF001BDFA4 /* UIView+SYHotSearch.m */,
			);
			name = SYHotSearchView;
			path = ../../SYHotSearchView;
			sourceTree = "<group>";
		};
/* End PBXGroup section */

/* Begin PBXNativeTarget section */
		A76B62071DBF3ADE0097CBB2 /* DemoHotSearch */ = {
			isa = PBXNativeTarget;
			buildConfigurationList = A76B62351DBF3ADE0097CBB2 /* Build configuration list for PBXNativeTarget "DemoHotSearch" */;
			buildPhases = (
				A76B62041DBF3ADE0097CBB2 /* Sources */,
				A76B62051DBF3ADE0097CBB2 /* Frameworks */,
				A76B62061DBF3ADE0097CBB2 /* Resources */,
			);
			buildRules = (
			);
			dependencies = (
			);
			name = DemoHotSearch;
			productName = DemoHotSearch;
			productReference = A76B62081DBF3ADE0097CBB2 /* DemoHotSearch.app */;
			productType = "com.apple.product-type.application";
		};
		A76B62201DBF3ADE0097CBB2 /* DemoHotSearchTests */ = {
			isa = PBXNativeTarget;
			buildConfigurationList = A76B62381DBF3ADE0097CBB2 /* Build configuration list for PBXNativeTarget "DemoHotSearchTests" */;
			buildPhases = (
				A76B621D1DBF3ADE0097CBB2 /* Sources */,
				A76B621E1DBF3ADE0097CBB2 /* Frameworks */,
				A76B621F1DBF3ADE0097CBB2 /* Resources */,
			);
			buildRules = (
			);
			dependencies = (
				A76B62231DBF3ADE0097CBB2 /* PBXTargetDependency */,
			);
			name = DemoHotSearchTests;
			productName = DemoHotSearchTests;
			productReference = A76B62211DBF3ADE0097CBB2 /* DemoHotSearchTests.xctest */;
			productType = "com.apple.product-type.bundle.unit-test";
		};
		A76B622B1DBF3ADE0097CBB2 /* DemoHotSearchUITests */ = {
			isa = PBXNativeTarget;
			buildConfigurationList = A76B623B1DBF3ADE0097CBB2 /* Build configuration list for PBXNativeTarget "DemoHotSearchUITests" */;
			buildPhases = (
				A76B62281DBF3ADE0097CBB2 /* Sources */,
				A76B62291DBF3ADE0097CBB2 /* Frameworks */,
				A76B622A1DBF3ADE0097CBB2 /* Resources */,
			);
			buildRules = (
			);
			dependencies = (
				A76B622E1DBF3ADE0097CBB2 /* PBXTargetDependency */,
			);
			name = DemoHotSearchUITests;
			productName = DemoHotSearchUITests;
			productReference = A76B622C1DBF3ADE0097CBB2 /* DemoHotSearchUITests.xctest */;
			productType = "com.apple.product-type.bundle.ui-testing";
		};
/* End PBXNativeTarget section */

/* Begin PBXProject section */
		A76B62001DBF3ADE0097CBB2 /* Project object */ = {
			isa = PBXProject;
			attributes = {
				LastUpgradeCheck = 0720;
				ORGANIZATIONNAME = zhangshaoyu;
				TargetAttributes = {
					A76B62071DBF3ADE0097CBB2 = {
						CreatedOnToolsVersion = 7.2.1;
					};
					A76B62201DBF3ADE0097CBB2 = {
						CreatedOnToolsVersion = 7.2.1;
						TestTargetID = A76B62071DBF3ADE0097CBB2;
					};
					A76B622B1DBF3ADE0097CBB2 = {
						CreatedOnToolsVersion = 7.2.1;
						TestTargetID = A76B62071DBF3ADE0097CBB2;
					};
				};
			};
			buildConfigurationList = A76B62031DBF3ADE0097CBB2 /* Build configuration list for PBXProject "DemoHotSearch" */;
			compatibilityVersion = "Xcode 3.2";
			developmentRegion = English;
			hasScannedForEncodings = 0;
			knownRegions = (
				en,
				Base,
			);
			mainGroup = A76B61FF1DBF3ADE0097CBB2;
			productRefGroup = A76B62091DBF3ADE0097CBB2 /* Products */;
			projectDirPath = "";
			projectRoot = "";
			targets = (
				A76B62071DBF3ADE0097CBB2 /* DemoHotSearch */,
				A76B62201DBF3ADE0097CBB2 /* DemoHotSearchTests */,
				A76B622B1DBF3ADE0097CBB2 /* DemoHotSearchUITests */,
			);
		};
/* End PBXProject section */

/* Begin PBXResourcesBuildPhase section */
		A76B62061DBF3ADE0097CBB2 /* Resources */ = {
			isa = PBXResourcesBuildPhase;
			buildActionMask = 2147483647;
			files = (
				A76B621B1DBF3ADE0097CBB2 /* LaunchScreen.storyboard in Resources */,
				A76B62181DBF3ADE0097CBB2 /* Assets.xcassets in Resources */,
				A76B62161DBF3ADE0097CBB2 /* Main.storyboard in Resources */,
				A726AB331DC1D924001B9D66 /* normalImage@2x.png in Resources */,
			);
			runOnlyForDeploymentPostprocessing = 0;
		};
		A76B621F1DBF3ADE0097CBB2 /* Resources */ = {
			isa = PBXResourcesBuildPhase;
			buildActionMask = 2147483647;
			files = (
			);
			runOnlyForDeploymentPostprocessing = 0;
		};
		A76B622A1DBF3ADE0097CBB2 /* Resources */ = {
			isa = PBXResourcesBuildPhase;
			buildActionMask = 2147483647;
			files = (
			);
			runOnlyForDeploymentPostprocessing = 0;
		};
/* End PBXResourcesBuildPhase section */

/* Begin PBXSourcesBuildPhase section */
		A76B62041DBF3ADE0097CBB2 /* Sources */ = {
			isa = PBXSourcesBuildPhase;
			buildActionMask = 2147483647;
			files = (
				A726AB311DC1A2E2001B9D66 /* HotSearchVC.m in Sources */,
				DFB16F1A2111FCCF001BDFA4 /* UIImage+SYHotSearch.m in Sources */,
				DFB16F172111FCCF001BDFA4 /* SYHotSearchConst.m in Sources */,
				DFB16F1B2111FCCF001BDFA4 /* UIView+SYHotSearch.m in Sources */,
				A76B62131DBF3ADE0097CBB2 /* ViewController.m in Sources */,
				DFB16F192111FCCF001BDFA4 /* UIColor+SYHotSearch.m in Sources */,
				A76B62101DBF3ADE0097CBB2 /* AppDelegate.m in Sources */,
				DFB16F182111FCCF001BDFA4 /* SYHotSearchView.m in Sources */,
				A76B620D1DBF3ADE0097CBB2 /* main.m in Sources */,
			);
			runOnlyForDeploymentPostprocessing = 0;
		};
		A76B621D1DBF3ADE0097CBB2 /* Sources */ = {
			isa = PBXSourcesBuildPhase;
			buildActionMask = 2147483647;
			files = (
				A76B62261DBF3ADE0097CBB2 /* DemoHotSearchTests.m in Sources */,
			);
			runOnlyForDeploymentPostprocessing = 0;
		};
		A76B62281DBF3ADE0097CBB2 /* Sources */ = {
			isa = PBXSourcesBuildPhase;
			buildActionMask = 2147483647;
			files = (
				A76B62311DBF3ADE0097CBB2 /* DemoHotSearchUITests.m in Sources */,
			);
			runOnlyForDeploymentPostprocessing = 0;
		};
/* End PBXSourcesBuildPhase section */

/* Begin PBXTargetDependency section */
		A76B62231DBF3ADE0097CBB2 /* PBXTargetDependency */ = {
			isa = PBXTargetDependency;
			target = A76B62071DBF3ADE0097CBB2 /* DemoHotSearch */;
			targetProxy = A76B62221DBF3ADE0097CBB2 /* PBXContainerItemProxy */;
		};
		A76B622E1DBF3ADE0097CBB2 /* PBXTargetDependency */ = {
			isa = PBXTargetDependency;
			target = A76B62071DBF3ADE0097CBB2 /* DemoHotSearch */;
			targetProxy = A76B622D1DBF3ADE0097CBB2 /* PBXContainerItemProxy */;
		};
/* End PBXTargetDependency section */

/* Begin PBXVariantGroup section */
		A76B62141DBF3ADE0097CBB2 /* Main.storyboard */ = {
			isa = PBXVariantGroup;
			children = (
				A76B62151DBF3ADE0097CBB2 /* Base */,
			);
			name = Main.storyboard;
			sourceTree = "<group>";
		};
		A76B62191DBF3ADE0097CBB2 /* LaunchScreen.storyboard */ = {
			isa = PBXVariantGroup;
			children = (
				A76B621A1DBF3ADE0097CBB2 /* Base */,
			);
			name = LaunchScreen.storyboard;
			sourceTree = "<group>";
		};
/* End PBXVariantGroup section */

/* Begin XCBuildConfiguration section */
		A76B62331DBF3ADE0097CBB2 /* Debug */ = {
			isa = XCBuildConfiguration;
			buildSettings = {
				ALWAYS_SEARCH_USER_PATHS = NO;
				CLANG_CXX_LANGUAGE_STANDARD = "gnu++0x";
				CLANG_CXX_LIBRARY = "libc++";
				CLANG_ENABLE_MODULES = YES;
				CLANG_ENABLE_OBJC_ARC = YES;
				CLANG_WARN_BOOL_CONVERSION = YES;
				CLANG_WARN_CONSTANT_CONVERSION = YES;
				CLANG_WARN_DIRECT_OBJC_ISA_USAGE = YES_ERROR;
				CLANG_WARN_EMPTY_BODY = YES;
				CLANG_WARN_ENUM_CONVERSION = YES;
				CLANG_WARN_INT_CONVERSION = YES;
				CLANG_WARN_OBJC_ROOT_CLASS = YES_ERROR;
				CLANG_WARN_UNREACHABLE_CODE = YES;
				CLANG_WARN__DUPLICATE_METHOD_MATCH = YES;
				"CODE_SIGN_IDENTITY[sdk=iphoneos*]" = "iPhone Developer";
				COPY_PHASE_STRIP = NO;
				DEBUG_INFORMATION_FORMAT = dwarf;
				ENABLE_STRICT_OBJC_MSGSEND = YES;
				ENABLE_TESTABILITY = YES;
				GCC_C_LANGUAGE_STANDARD = gnu99;
				GCC_DYNAMIC_NO_PIC = NO;
				GCC_NO_COMMON_BLOCKS = YES;
				GCC_OPTIMIZATION_LEVEL = 0;
				GCC_PREPROCESSOR_DEFINITIONS = (
					"DEBUG=1",
					"$(inherited)",
				);
				GCC_WARN_64_TO_32_BIT_CONVERSION = YES;
				GCC_WARN_ABOUT_RETURN_TYPE = YES_ERROR;
				GCC_WARN_UNDECLARED_SELECTOR = YES;
				GCC_WARN_UNINITIALIZED_AUTOS = YES_AGGRESSIVE;
				GCC_WARN_UNUSED_FUNCTION = YES;
				GCC_WARN_UNUSED_VARIABLE = YES;
				IPHONEOS_DEPLOYMENT_TARGET = 8.0;
				MTL_ENABLE_DEBUG_INFO = YES;
				ONLY_ACTIVE_ARCH = YES;
				SDKROOT = iphoneos;
				TARGETED_DEVICE_FAMILY = "1,2";
			};
			name = Debug;
		};
		A76B62341DBF3ADE0097CBB2 /* Release */ = {
			isa = XCBuildConfiguration;
			buildSettings = {
				ALWAYS_SEARCH_USER_PATHS = NO;
				CLANG_CXX_LANGUAGE_STANDARD = "gnu++0x";
				CLANG_CXX_LIBRARY = "libc++";
				CLANG_ENABLE_MODULES = YES;
				CLANG_ENABLE_OBJC_ARC = YES;
				CLANG_WARN_BOOL_CONVERSION = YES;
				CLANG_WARN_CONSTANT_CONVERSION = YES;
				CLANG_WARN_DIRECT_OBJC_ISA_USAGE = YES_ERROR;
				CLANG_WARN_EMPTY_BODY = YES;
				CLANG_WARN_ENUM_CONVERSION = YES;
				CLANG_WARN_INT_CONVERSION = YES;
				CLANG_WARN_OBJC_ROOT_CLASS = YES_ERROR;
				CLANG_WARN_UNREACHABLE_CODE = YES;
				CLANG_WARN__DUPLICATE_METHOD_MATCH = YES;
				"CODE_SIGN_IDENTITY[sdk=iphoneos*]" = "iPhone Developer";
				COPY_PHASE_STRIP = NO;
				DEBUG_INFORMATION_FORMAT = "dwarf-with-dsym";
				ENABLE_NS_ASSERTIONS = NO;
				ENABLE_STRICT_OBJC_MSGSEND = YES;
				GCC_C_LANGUAGE_STANDARD = gnu99;
				GCC_NO_COMMON_BLOCKS = YES;
				GCC_WARN_64_TO_32_BIT_CONVERSION = YES;
				GCC_WARN_ABOUT_RETURN_TYPE = YES_ERROR;
				GCC_WARN_UNDECLARED_SELECTOR = YES;
				GCC_WARN_UNINITIALIZED_AUTOS = YES_AGGRESSIVE;
				GCC_WARN_UNUSED_FUNCTION = YES;
				GCC_WARN_UNUSED_VARIABLE = YES;
				IPHONEOS_DEPLOYMENT_TARGET = 8.0;
				MTL_ENABLE_DEBUG_INFO = NO;
				SDKROOT = iphoneos;
				TARGETED_DEVICE_FAMILY = "1,2";
				VALIDATE_PRODUCT = YES;
			};
			name = Release;
		};
		A76B62361DBF3ADE0097CBB2 /* Debug */ = {
			isa = XCBuildConfiguration;
			buildSettings = {
				ASSETCATALOG_COMPILER_APPICON_NAME = AppIcon;
				INFOPLIST_FILE = DemoHotSearch/Info.plist;
				IPHONEOS_DEPLOYMENT_TARGET = 8.0;
				LD_RUNPATH_SEARCH_PATHS = "$(inherited) @executable_path/Frameworks";
				PRODUCT_BUNDLE_IDENTIFIER = com.zsy.DemoHotSearch;
				PRODUCT_NAME = "$(TARGET_NAME)";
			};
			name = Debug;
		};
		A76B62371DBF3ADE0097CBB2 /* Release */ = {
			isa = XCBuildConfiguration;
			buildSettings = {
				ASSETCATALOG_COMPILER_APPICON_NAME = AppIcon;
				INFOPLIST_FILE = DemoHotSearch/Info.plist;
				IPHONEOS_DEPLOYMENT_TARGET = 8.0;
				LD_RUNPATH_SEARCH_PATHS = "$(inherited) @executable_path/Frameworks";
				PRODUCT_BUNDLE_IDENTIFIER = com.zsy.DemoHotSearch;
				PRODUCT_NAME = "$(TARGET_NAME)";
			};
			name = Release;
		};
		A76B62391DBF3ADE0097CBB2 /* Debug */ = {
			isa = XCBuildConfiguration;
			buildSettings = {
				BUNDLE_LOADER = "$(TEST_HOST)";
				INFOPLIST_FILE = DemoHotSearchTests/Info.plist;
				LD_RUNPATH_SEARCH_PATHS = "$(inherited) @executable_path/Frameworks @loader_path/Frameworks";
				PRODUCT_BUNDLE_IDENTIFIER = com.zsy.DemoHotSearchTests;
				PRODUCT_NAME = "$(TARGET_NAME)";
				TEST_HOST = "$(BUILT_PRODUCTS_DIR)/DemoHotSearch.app/DemoHotSearch";
			};
			name = Debug;
		};
		A76B623A1DBF3ADE0097CBB2 /* Release */ = {
			isa = XCBuildConfiguration;
			buildSettings = {
				BUNDLE_LOADER = "$(TEST_HOST)";
				INFOPLIST_FILE = DemoHotSearchTests/Info.plist;
				LD_RUNPATH_SEARCH_PATHS = "$(inherited) @executable_path/Frameworks @loader_path/Frameworks";
				PRODUCT_BUNDLE_IDENTIFIER = com.zsy.DemoHotSearchTests;
				PRODUCT_NAME = "$(TARGET_NAME)";
				TEST_HOST = "$(BUILT_PRODUCTS_DIR)/DemoHotSearch.app/DemoHotSearch";
			};
			name = Release;
		};
		A76B623C1DBF3ADE0097CBB2 /* Debug */ = {
			isa = XCBuildConfiguration;
			buildSettings = {
				INFOPLIST_FILE = DemoHotSearchUITests/Info.plist;
				LD_RUNPATH_SEARCH_PATHS = "$(inherited) @executable_path/Frameworks @loader_path/Frameworks";
				PRODUCT_BUNDLE_IDENTIFIER = com.zsy.DemoHotSearchUITests;
				PRODUCT_NAME = "$(TARGET_NAME)";
				TEST_TARGET_NAME = DemoHotSearch;
				USES_XCTRUNNER = YES;
			};
			name = Debug;
		};
		A76B623D1DBF3ADE0097CBB2 /* Release */ = {
			isa = XCBuildConfiguration;
			buildSettings = {
				INFOPLIST_FILE = DemoHotSearchUITests/Info.plist;
				LD_RUNPATH_SEARCH_PATHS = "$(inherited) @executable_path/Frameworks @loader_path/Frameworks";
				PRODUCT_BUNDLE_IDENTIFIER = com.zsy.DemoHotSearchUITests;
				PRODUCT_NAME = "$(TARGET_NAME)";
				TEST_TARGET_NAME = DemoHotSearch;
				USES_XCTRUNNER = YES;
			};
			name = Release;
		};
/* End XCBuildConfiguration section */

/* Begin XCConfigurationList section */
		A76B62031DBF3ADE0097CBB2 /* Build configuration list for PBXProject "DemoHotSearch" */ = {
			isa = XCConfigurationList;
			buildConfigurations = (
				A76B62331DBF3ADE0097CBB2 /* Debug */,
				A76B62341DBF3ADE0097CBB2 /* Release */,
			);
			defaultConfigurationIsVisible = 0;
			defaultConfigurationName = Release;
		};
		A76B62351DBF3ADE0097CBB2 /* Build configuration list for PBXNativeTarget "DemoHotSearch" */ = {
			isa = XCConfigurationList;
			buildConfigurations = (
				A76B62361DBF3ADE0097CBB2 /* Debug */,
				A76B62371DBF3ADE0097CBB2 /* Release */,
			);
			defaultConfigurationIsVisible = 0;
			defaultConfigurationName = Release;
		};
		A76B62381DBF3ADE0097CBB2 /* Build configuration list for PBXNativeTarget "DemoHotSearchTests" */ = {
			isa = XCConfigurationList;
			buildConfigurations = (
				A76B62391DBF3ADE0097CBB2 /* Debug */,
				A76B623A1DBF3ADE0097CBB2 /* Release */,
			);
			defaultConfigurationIsVisible = 0;
			defaultConfigurationName = Release;
		};
		A76B623B1DBF3ADE0097CBB2 /* Build configuration list for PBXNativeTarget "DemoHotSearchUITests" */ = {
			isa = XCConfigurationList;
			buildConfigurations = (
				A76B623C1DBF3ADE0097CBB2 /* Debug */,
				A76B623D1DBF3ADE0097CBB2 /* Release */,
			);
			defaultConfigurationIsVisible = 0;
			defaultConfigurationName = Release;
		};
/* End XCConfigurationList section */
	};
	rootObject = A76B62001DBF3ADE0097CBB2 /* Project object */;
}
